// !$*UTF8*$!
{
	archiveVersion = 1;
	classes = {
	};
	objectVersion = 50;
	objects = {

/* Begin PBXBuildFile section */
		CBCB975025901208009F9C89 /* AppDelegate.swift in Sources */ = {isa = PBXBuildFile; fileRef = CBCB974F25901208009F9C89 /* AppDelegate.swift */; };
		CBCB975225901208009F9C89 /* SceneDelegate.swift in Sources */ = {isa = PBXBuildFile; fileRef = CBCB975125901208009F9C89 /* SceneDelegate.swift */; };
		CBCB975725901208009F9C89 /* Main.storyboard in Resources */ = {isa = PBXBuildFile; fileRef = CBCB975525901208009F9C89 /* Main.storyboard */; };
		CBCB975925901209009F9C89 /* Assets.xcassets in Resources */ = {isa = PBXBuildFile; fileRef = CBCB975825901209009F9C89 /* Assets.xcassets */; };
		CBCB975C25901209009F9C89 /* LaunchScreen.storyboard in Resources */ = {isa = PBXBuildFile; fileRef = CBCB975A25901209009F9C89 /* LaunchScreen.storyboard */; };
		CBCB976625902135009F9C89 /* QuoteTableViewController.swift in Sources */ = {isa = PBXBuildFile; fileRef = CBCB976525902135009F9C89 /* QuoteTableViewController.swift */; };
/* End PBXBuildFile section */

/* Begin PBXFileReference section */
		CBCB974C25901208009F9C89 /* QuickQuotes.app */ = {isa = PBXFileReference; explicitFileType = wrapper.application; includeInIndex = 0; path = QuickQuotes.app; sourceTree = BUILT_PRODUCTS_DIR; };
		CBCB974F25901208009F9C89 /* AppDelegate.swift */ = {isa = PBXFileReference; lastKnownFileType = sourcecode.swift; path = AppDelegate.swift; sourceTree = "<group>"; };
		CBCB975125901208009F9C89 /* SceneDelegate.swift */ = {isa = PBXFileReference; lastKnownFileType = sourcecode.swift; path = SceneDelegate.swift; sourceTree = "<group>"; };
		CBCB975625901208009F9C89 /* Base */ = {isa = PBXFileReference; lastKnownFileType = file.storyboard; name = Base; path = Base.lproj/Main.storyboard; sourceTree = "<group>"; };
		CBCB975825901209009F9C89 /* Assets.xcassets */ = {isa = PBXFileReference; lastKnownFileType = folder.assetcatalog; path = Assets.xcassets; sourceTree = "<group>"; };
		CBCB975B25901209009F9C89 /* Base */ = {isa = PBXFileReference; lastKnownFileType = file.storyboard; name = Base; path = Base.lproj/LaunchScreen.storyboard; sourceTree = "<group>"; };
		CBCB975D25901209009F9C89 /* Info.plist */ = {isa = PBXFileReference; lastKnownFileType = text.plist.xml; path = Info.plist; sourceTree = "<group>"; };
		CBCB976525902135009F9C89 /* QuoteTableViewController.swift */ = {isa = PBXFileReference; lastKnownFileType = sourcecode.swift; path = QuoteTableViewController.swift; sourceTree = "<group>"; };
/* End PBXFileReference section */

/* Begin PBXFrameworksBuildPhase section */
		CBCB974925901208009F9C89 /* Frameworks */ = {
			isa = PBXFrameworksBuildPhase;
			buildActionMask = 2147483647;
			files = (
			);
			runOnlyForDeploymentPostprocessing = 0;
		};
/* End PBXFrameworksBuildPhase section */

/* Begin PBXGroup section */
		CBCB974325901208009F9C89 = {
			isa = PBXGroup;
			children = (
				CBCB974E25901208009F9C89 /* QuickQuotes */,
				CBCB974D25901208009F9C89 /* Products */,
			);
			sourceTree = "<group>";
		};
		CBCB974D25901208009F9C89 /* Products */ = {
			isa = PBXGroup;
			children = (
				CBCB974C25901208009F9C89 /* QuickQuotes.app */,
			);
			name = Products;
			sourceTree = "<group>";
		};
		CBCB974E25901208009F9C89 /* QuickQuotes */ = {
			isa = PBXGroup;
			children = (
				CBCB974F25901208009F9C89 /* AppDelegate.swift */,
				CBCB975125901208009F9C89 /* SceneDelegate.swift */,
				CBCB975525901208009F9C89 /* Main.storyboard */,
				CBCB976525902135009F9C89 /* QuoteTableViewController.swift */,
				CBCB975825901209009F9C89 /* Assets.xcassets */,
				CBCB975A25901209009F9C89 /* LaunchScreen.storyboard */,
				CBCB975D25901209009F9C89 /* Info.plist */,
			);
			path = QuickQuotes;
			sourceTree = "<group>";
		};
/* End PBXGroup section */

/* Begin PBXNativeTarget section */
		CBCB974B25901208009F9C89 /* QuickQuotes */ = {
			isa = PBXNativeTarget;
			buildConfigurationList = CBCB976025901209009F9C89 /* Build configuration list for PBXNativeTarget "QuickQuotes" */;
			buildPhases = (
				CBCB974825901208009F9C89 /* Sources */,
				CBCB974925901208009F9C89 /* Frameworks */,
				CBCB974A25901208009F9C89 /* Resources */,
			);
			buildRules = (
			);
			dependencies = (
			);
			name = QuickQuotes;
			productName = QuickQuotes;
			productReference = CBCB974C25901208009F9C89 /* QuickQuotes.app */;
			productType = "com.apple.product-type.application";
		};
/* End PBXNativeTarget section */

/* Begin PBXProject section */
		CBCB974425901208009F9C89 /* Project object */ = {
			isa = PBXProject;
			attributes = {
				LastSwiftUpdateCheck = 1230;
				LastUpgradeCheck = 1230;
				TargetAttributes = {
					CBCB974B25901208009F9C89 = {
						CreatedOnToolsVersion = 12.3;
					};
				};
			};
			buildConfigurationList = CBCB974725901208009F9C89 /* Build configuration list for PBXProject "QuickQuotes" */;
			compatibilityVersion = "Xcode 9.3";
			developmentRegion = en;
			hasScannedForEncodings = 0;
			knownRegions = (
				en,
				Base,
			);
			mainGroup = CBCB974325901208009F9C89;
			productRefGroup = CBCB974D25901208009F9C89 /* Products */;
			projectDirPath = "";
			projectRoot = "";
			targets = (
				CBCB974B25901208009F9C89 /* QuickQuotes */,
			);
		};
/* End PBXProject section */

/* Begin PBXResourcesBuildPhase section */
		CBCB974A25901208009F9C89 /* Resources */ = {
			isa = PBXResourcesBuildPhase;
			buildActionMask = 2147483647;
			files = (
				CBCB975C25901209009F9C89 /* LaunchScreen.storyboard in Resources */,
				CBCB975925901209009F9C89 /* Assets.xcassets in Resources */,
				CBCB975725901208009F9C89 /* Main.storyboard in Resources */,
			);
			runOnlyForDeploymentPostprocessing = 0;
		};
/* End PBXResourcesBuildPhase section */

/* Begin PBXSourcesBuildPhase section */
		CBCB974825901208009F9C89 /* Sources */ = {
			isa = PBXSourcesBuildPhase;
			buildActionMask = 2147483647;
			files = (
				CBCB975025901208009F9C89 /* AppDelegate.swift in Sources */,
				CBCB976625902135009F9C89 /* QuoteTableViewController.swift in Sources */,
				CBCB975225901208009F9C89 /* SceneDelegate.swift in Sources */,
			);
			runOnlyForDeploymentPostprocessing = 0;
		};
/* End PBXSourcesBuildPhase section */

/* Begin PBXVariantGroup section */
		CBCB975525901208009F9C89 /* Main.storyboard */ = {
			isa = PBXVariantGroup;
			children = (
				CBCB975625901208009F9C89 /* Base */,
			);
			name = Main.storyboard;
			sourceTree = "<group>";
		};
		CBCB975A25901209009F9C89 /* LaunchScreen.storyboard */ = {
			isa = PBXVariantGroup;
			children = (
				CBCB975B25901209009F9C89 /* Base */,
			);
			name = LaunchScreen.storyboard;
			sourceTree = "<group>";
		};
/* End PBXVariantGroup section */

/* Begin XCBuildConfiguration section */
		CBCB975E25901209009F9C89 /* Debug */ = {
			isa = XCBuildConfiguration;
			buildSettings = {
				ALWAYS_SEARCH_USER_PATHS = NO;
				CLANG_ANALYZER_NONNULL = YES;
				CLANG_ANALYZER_NUMBER_OBJECT_CONVERSION = YES_AGGRESSIVE;
				CLANG_CXX_LANGUAGE_STANDARD = "gnu++14";
				CLANG_CXX_LIBRARY = "libc++";
				CLANG_ENABLE_MODULES = YES;
				CLANG_ENABLE_OBJC_ARC = YES;
				CLANG_ENABLE_OBJC_WEAK = YES;
				CLANG_WARN_BLOCK_CAPTURE_AUTORELEASING = YES;
				CLANG_WARN_BOOL_CONVERSION = YES;
				CLANG_WARN_COMMA = YES;
				CLANG_WARN_CONSTANT_CONVERSION = YES;
				CLANG_WARN_DEPRECATED_OBJC_IMPLEMENTATIONS = YES;
				CLANG_WARN_DIRECT_OBJC_ISA_USAGE = YES_ERROR;
				CLANG_WARN_DOCUMENTATION_COMMENTS = YES;
				CLANG_WARN_EMPTY_BODY = YES;
				CLANG_WARN_ENUM_CONVERSION = YES;
				CLANG_WARN_INFINITE_RECURSION = YES;
				CLANG_WARN_INT_CONVERSION = YES;
				CLANG_WARN_NON_LITERAL_NULL_CONVERSION = YES;
				CLANG_WARN_OBJC_IMPLICIT_RETAIN_SELF = YES;
				CLANG_WARN_OBJC_LITERAL_CONVERSION = YES;
				CLANG_WARN_OBJC_ROOT_CLASS = YES_ERROR;
				CLANG_WARN_QUOTED_INCLUDE_IN_FRAMEWORK_HEADER = YES;
				CLANG_WARN_RANGE_LOOP_ANALYSIS = YES;
				CLANG_WARN_STRICT_PROTOTYPES = YES;
				CLANG_WARN_SUSPICIOUS_MOVE = YES;
				CLANG_WARN_UNGUARDED_AVAILABILITY = YES_AGGRESSIVE;
				CLANG_WARN_UNREACHABLE_CODE = YES;
				CLANG_WARN__DUPLICATE_METHOD_MATCH = YES;
				COPY_PHASE_STRIP = NO;
				DEBUG_INFORMATION_FORMAT = dwarf;
				ENABLE_STRICT_OBJC_MSGSEND = YES;
				ENABLE_TESTABILITY = YES;
				GCC_C_LANGUAGE_STANDARD = gnu11;
				GCC_DYNAMIC_NO_PIC = NO;
				GCC_NO_COMMON_BLOCKS = YES;
				GCC_OPTIMIZATION_LEVEL = 0;
				GCC_PREPROCESSOR_DEFINITIONS = (
					"DEBUG=1",
					"$(inherited)",
				);
				GCC_WARN_64_TO_32_BIT_CONVERSION = YES;
				GCC_WARN_ABOUT_RETURN_TYPE = YES_ERROR;
				GCC_WARN_UNDECLARED_SELECTOR = YES;
				GCC_WARN_UNINITIALIZED_AUTOS = YES_AGGRESSIVE;
				GCC_WARN_UNUSED_FUNCTION = YES;
				GCC_WARN_UNUSED_VARIABLE = YES;
				IPHONEOS_DEPLOYMENT_TARGET = 14.3;
				MTL_ENABLE_DEBUG_INFO = INCLUDE_SOURCE;
				MTL_FAST_MATH = YES;
				ONLY_ACTIVE_ARCH = YES;
				SDKROOT = iphoneos;
				SWIFT_ACTIVE_COMPILATION_CONDITIONS = DEBUG;
				SWIFT_OPTIMIZATION_LEVEL = "-Onone";
			};
			name = Debug;
		};
		CBCB975F25901209009F9C89 /* Release */ = {
			isa = XCBuildConfiguration;
			buildSettings = {
				ALWAYS_SEARCH_USER_PATHS = NO;
				CLANG_ANALYZER_NONNULL = YES;
				CLANG_ANALYZER_NUMBER_OBJECT_CONVERSION = YES_AGGRESSIVE;
				CLANG_CXX_LANGUAGE_STANDARD = "gnu++14";
				CLANG_CXX_LIBRARY = "libc++";
				CLANG_ENABLE_MODULES = YES;
				CLANG_ENABLE_OBJC_ARC = YES;
				CLANG_ENABLE_OBJC_WEAK = YES;
				CLANG_WARN_BLOCK_CAPTURE_AUTORELEASING = YES;
				CLANG_WARN_BOOL_CONVERSION = YES;
				CLANG_WARN_COMMA = YES;
				CLANG_WARN_CONSTANT_CONVERSION = YES;
				CLANG_WARN_DEPRECATED_OBJC_IMPLEMENTATIONS = YES;
				CLANG_WARN_DIRECT_OBJC_ISA_USAGE = YES_ERROR;
				CLANG_WARN_DOCUMENTATION_COMMENTS = YES;
				CLANG_WARN_EMPTY_BODY = YES;
				CLANG_WARN_ENUM_CONVERSION = YES;
				CLANG_WARN_INFINITE_RECURSION = YES;
				CLANG_WARN_INT_CONVERSION = YES;
				CLANG_WARN_NON_LITERAL_NULL_CONVERSION = YES;
				CLANG_WARN_OBJC_IMPLICIT_RETAIN_SELF = YES;
				CLANG_WARN_OBJC_LITERAL_CONVERSION = YES;
				CLANG_WARN_OBJC_ROOT_CLASS = YES_ERROR;
				CLANG_WARN_QUOTED_INCLUDE_IN_FRAMEWORK_HEADER = YES;
				CLANG_WARN_RANGE_LOOP_ANALYSIS = YES;
				CLANG_WARN_STRICT_PROTOTYPES = YES;
				CLANG_WARN_SUSPICIOUS_MOVE = YES;
				CLANG_WARN_UNGUARDED_AVAILABILITY = YES_AGGRESSIVE;
				CLANG_WARN_UNREACHABLE_CODE = YES;
				CLANG_WARN__DUPLICATE_METHOD_MATCH = YES;
				COPY_PHASE_STRIP = NO;
				DEBUG_INFORMATION_FORMAT = "dwarf-with-dsym";
				ENABLE_NS_ASSERTIONS = NO;
				ENABLE_STRICT_OBJC_MSGSEND = YES;
				GCC_C_LANGUAGE_STANDARD = gnu11;
				GCC_NO_COMMON_BLOCKS = YES;
				GCC_WARN_64_TO_32_BIT_CONVERSION = YES;
				GCC_WARN_ABOUT_RETURN_TYPE = YES_ERROR;
				GCC_WARN_UNDECLARED_SELECTOR = YES;
				GCC_WARN_UNINITIALIZED_AUTOS = YES_AGGRESSIVE;
				GCC_WARN_UNUSED_FUNCTION = YES;
				GCC_WARN_UNUSED_VARIABLE = YES;
				IPHONEOS_DEPLOYMENT_TARGET = 14.3;
				MTL_ENABLE_DEBUG_INFO = NO;
				MTL_FAST_MATH = YES;
				SDKROOT = iphoneos;
				SWIFT_COMPILATION_MODE = wholemodule;
				SWIFT_OPTIMIZATION_LEVEL = "-O";
				VALIDATE_PRODUCT = YES;
			};
			name = Release;
		};
		CBCB976125901209009F9C89 /* Debug */ = {
			isa = XCBuildConfiguration;
			buildSettings = {
				ASSETCATALOG_COMPILER_APPICON_NAME = AppIcon;
				ASSETCATALOG_COMPILER_GLOBAL_ACCENT_COLOR_NAME = AccentColor;
				CODE_SIGN_STYLE = Automatic;
				DEVELOPMENT_TEAM = TQ6635V8AZ;
				INFOPLIST_FILE = QuickQuotes/Info.plist;
				LD_RUNPATH_SEARCH_PATHS = (
					"$(inherited)",
					"@executable_path/Frameworks",
				);
				PRODUCT_BUNDLE_IDENTIFIER = com.august.shah.QuickQuotes;
				PRODUCT_NAME = "$(TARGET_NAME)";
				SWIFT_VERSION = 5.0;
				TARGETED_DEVICE_FAMILY = "1,2";
			};
			name = Debug;
		};
		CBCB976225901209009F9C89 /* Release */ = {
			isa = XCBuildConfiguration;
			buildSettings = {
				ASSETCATALOG_COMPILER_APPICON_NAME = AppIcon;
				ASSETCATALOG_COMPILER_GLOBAL_ACCENT_COLOR_NAME = AccentColor;
				CODE_SIGN_STYLE = Automatic;
				DEVELOPMENT_TEAM = TQ6635V8AZ;
				INFOPLIST_FILE = QuickQuotes/Info.plist;
				LD_RUNPATH_SEARCH_PATHS = (
					"$(inherited)",
					"@executable_path/Frameworks",
				);
				PRODUCT_BUNDLE_IDENTIFIER = com.august.shah.QuickQuotes;
				PRODUCT_NAME = "$(TARGET_NAME)";
				SWIFT_VERSION = 5.0;
				TARGETED_DEVICE_FAMILY = "1,2";
			};
			name = Release;
		};
/* End XCBuildConfiguration section */

/* Begin XCConfigurationList section */
		CBCB974725901208009F9C89 /* Build configuration list for PBXProject "QuickQuotes" */ = {
			isa = XCConfigurationList;
			buildConfigurations = (
				CBCB975E25901209009F9C89 /* Debug */,
				CBCB975F25901209009F9C89 /* Release */,
			);
			defaultConfigurationIsVisible = 0;
			defaultConfigurationName = Release;
		};
		CBCB976025901209009F9C89 /* Build configuration list for PBXNativeTarget "QuickQuotes" */ = {
			isa = XCConfigurationList;
			buildConfigurations = (
				CBCB976125901209009F9C89 /* Debug */,
				CBCB976225901209009F9C89 /* Release */,
			);
			defaultConfigurationIsVisible = 0;
			defaultConfigurationName = Release;
		};
/* End XCConfigurationList section */
	};
	rootObject = CBCB974425901208009F9C89 /* Project object */;
}
